
Microsoft Visual Studio Solution File, Format Version 12.00
# Visual Studio 15
VisualStudioVersion = 15.0.28307.168
MinimumVisualStudioVersion = 10.0.40219.1
Project("{FAE04EC0-301F-11D3-BF4B-00C04F79EFBC}") = "Naos.Federation.Domain", "Naos.Federation.Domain\Naos.Federation.Domain.csproj", "{0ACECE20-A406-433E-AD7D-91B101A84854}"
EndProject
Global
	GlobalSection(SolutionConfigurationPlatforms) = preSolution
		Debug|Any CPU = Debug|Any CPU
		Release|Any CPU = Release|Any CPU
	EndGlobalSection
	GlobalSection(ProjectConfigurationPlatforms) = postSolution
		{0ACECE20-A406-433E-AD7D-91B101A84854}.Debug|Any CPU.ActiveCfg = Debug|Any CPU
		{0ACECE20-A406-433E-AD7D-91B101A84854}.Debug|Any CPU.Build.0 = Debug|Any CPU
		{0ACECE20-A406-433E-AD7D-91B101A84854}.Release|Any CPU.ActiveCfg = Release|Any CPU
		{0ACECE20-A406-433E-AD7D-91B101A84854}.Release|Any CPU.Build.0 = Release|Any CPU
	EndGlobalSection
	GlobalSection(SolutionProperties) = preSolution
		HideSolutionNode = FALSE
	EndGlobalSection
	GlobalSection(ExtensibilityGlobals) = postSolution
		SolutionGuid = {8F00FD55-1FD9-4C7E-B672-D22D89DE17CA}
	EndGlobalSection
EndGlobal
